{
  "name": "douban",
  "version": "1.0.0",
  "lockfileVersion": 1,
  "requires": true,
  "dependencies": {
    "axios": {
      "version": "0.21.1",
      "resolved": "https://registry.npm.taobao.org/axios/download/axios-0.21.1.tgz?cache=0&sync_timestamp=1608611162952&other_urls=https%3A%2F%2Fregistry.npm.taobao.org%2Faxios%2Fdownload%2Faxios-0.21.1.tgz",
      "integrity": "sha1-IlY0gZYvTWvemnbVFu8OXTwJsrg=",
      "requires": {
        "follow-redirects": "^1.10.0"
      }
    },
    "boolbase": {
      "version": "1.0.0",
      "resolved": "https://registry.npm.taobao.org/boolbase/download/boolbase-1.0.0.tgz",
      "integrity": "sha1-aN/1++YMUes3cl6p4+0xDcwed24="
    },
    "cheerio": {
      "version": "1.0.0-rc.10",
      "resolved": "https://registry.nlark.com/cheerio/download/cheerio-1.0.0-rc.10.tgz",
      "integrity": "sha1-K6Pc38wm55VvwfRA5h1RxkM3nz4=",
      "requires": {
        "cheerio-select": "^1.5.0",
        "dom-serializer": "^1.3.2",
        "domhandler": "^4.2.0",
        "htmlparser2": "^6.1.0",
        "parse5": "^6.0.1",
        "parse5-htmlparser2-tree-adapter": "^6.0.1",
        "tslib": "^2.2.0"
      }
    },
    "cheerio-select": {
      "version": "1.5.0",
      "resolved": "https://registry.nlark.com/cheerio-select/download/cheerio-select-1.5.0.tgz",
      "integrity": "sha1-+vPa6zGxfF4anavO4oiq+Kr6WCM=",
      "requires": {
        "css-select": "^4.1.3",
        "css-what": "^5.0.1",
        "domelementtype": "^2.2.0",
        "domhandler": "^4.2.0",
        "domutils": "^2.7.0"
      }
    },
    "css-select": {
      "version": "4.1.3",
      "resolved": "https://registry.nlark.com/css-select/download/css-select-4.1.3.tgz?cache=0&sync_timestamp=1622994276976&other_urls=https%3A%2F%2Fregistry.nlark.com%2Fcss-select%2Fdownload%2Fcss-select-4.1.3.tgz",
      "integrity": "sha1-pwRA9wMX8maRGK10/xBeZYSccGc=",
      "requires": {
        "boolbase": "^1.0.0",
        "css-what": "^5.0.0",
        "domhandler": "^4.2.0",
        "domutils": "^2.6.0",
        "nth-check": "^2.0.0"
      }
    },
    "css-what": {
      "version": "5.0.1",
      "resolved": "https://registry.nlark.com/css-what/download/css-what-5.0.1.tgz?cache=0&sync_timestamp=1622227030976&other_urls=https%3A%2F%2Fregistry.nlark.com%2Fcss-what%2Fdownload%2Fcss-what-5.0.1.tgz",
      "integrity": "sha1-PvqCATH0ZpqKwkCPnDLnx96fTK0="
    },
    "dom-serializer": {
      "version": "1.3.2",
      "resolved": "https://registry.nlark.com/dom-serializer/download/dom-serializer-1.3.2.tgz?cache=0&sync_timestamp=1621256900132&other_urls=https%3A%2F%2Fregistry.nlark.com%2Fdom-serializer%2Fdownload%2Fdom-serializer-1.3.2.tgz",
      "integrity": "sha1-YgZDfTLO767HFhgDIwx6ILwbTZE=",
      "requires": {
        "domelementtype": "^2.0.1",
        "domhandler": "^4.2.0",
        "entities": "^2.0.0"
      }
    },
    "domelementtype": {
      "version": "2.2.0",
      "resolved": "https://registry.npm.taobao.org/domelementtype/download/domelementtype-2.2.0.tgz?cache=0&other_urls=https%3A%2F%2Fregistry.npm.taobao.org%2Fdomelementtype%2Fdownload%2Fdomelementtype-2.2.0.tgz",
      "integrity": "sha1-mgtsJ4LtahxzI9QiZxg9+b2LHVc="
    },
    "domhandler": {
      "version": "4.2.0",
      "resolved": "https://registry.npm.taobao.org/domhandler/download/domhandler-4.2.0.tgz?cache=0&sync_timestamp=1618563925219&other_urls=https%3A%2F%2Fregistry.npm.taobao.org%2Fdomhandler%2Fdownload%2Fdomhandler-4.2.0.tgz",
      "integrity": "sha1-+XaKXwNL5gqJonwuTQ9066DYsFk=",
      "requires": {
        "domelementtype": "^2.2.0"
      }
    },
    "domutils": {
      "version": "2.7.0",
      "resolved": "https://registry.nlark.com/domutils/download/domutils-2.7.0.tgz",
      "integrity": "sha1-jrrwxB66/PVbC3LsMcVjI3EsVEI=",
      "requires": {
        "dom-serializer": "^1.0.1",
        "domelementtype": "^2.2.0",
        "domhandler": "^4.2.0"
      }
    },
    "entities": {
      "version": "2.2.0",
      "resolved": "https://registry.npm.taobao.org/entities/download/entities-2.2.0.tgz?cache=0&sync_timestamp=1611535562200&other_urls=https%3A%2F%2Fregistry.npm.taobao.org%2Fentities%2Fdownload%2Fentities-2.2.0.tgz",
      "integrity": "sha1-CY3JDruD2N/6CJ1VJWs1HTTE2lU="
    },
    "follow-redirects": {
      "version": "1.14.1",
      "resolved": "https://registry.nlark.com/follow-redirects/download/follow-redirects-1.14.1.tgz?cache=0&sync_timestamp=1620555292056&other_urls=https%3A%2F%2Fregistry.nlark.com%2Ffollow-redirects%2Fdownload%2Ffollow-redirects-1.14.1.tgz",
      "integrity": "sha1-2RFN7Qoc/dM04WTmZirQK/2R/0M="
    },
    "htmlparser2": {
      "version": "6.1.0",
      "resolved": "https://registry.npm.taobao.org/htmlparser2/download/htmlparser2-6.1.0.tgz",
      "integrity": "sha1-xNditsM3GgXb5l6UrkOp+EX7j7c=",
      "requires": {
        "domelementtype": "^2.0.1",
        "domhandler": "^4.0.0",
        "domutils": "^2.5.2",
        "entities": "^2.0.0"
      }
    },
    "nth-check": {
      "version": "2.0.0",
      "resolved": "https://registry.nlark.com/nth-check/download/nth-check-2.0.0.tgz",
      "integrity": "sha1-G7T22scAcvwxPoyc0UF7UHTAoSU=",
      "requires": {
        "boolbase": "^1.0.0"
      }
    },
    "parse5": {
      "version": "6.0.1",
      "resolved": "https://registry.nlark.com/parse5/download/parse5-6.0.1.tgz",
      "integrity": "sha1-4aHAhcVps9wIMhGE8Zo5zCf3wws="
    },
    "parse5-htmlparser2-tree-adapter": {
      "version": "6.0.1",
      "resolved": "https://registry.nlark.com/parse5-htmlparser2-tree-adapter/download/parse5-htmlparser2-tree-adapter-6.0.1.tgz",
      "integrity": "sha1-LN+a2CMyEUA3DU2/XT6Sx8jdxuY=",
      "requires": {
        "parse5": "^6.0.1"
      }
    },
    "tslib": {
      "version": "2.3.0",
      "resolved": "https://registry.nlark.com/tslib/download/tslib-2.3.0.tgz",
      "integrity": "sha1-gDuM2rPhK6WBpMpByIObuw2ssJ4="
    }
  }
}
